
Microsoft Visual Studio Solution File, Format Version 11.00
# Visual Studio 2010
# SharpDevelop 5.1
Project("{FAE04EC0-301F-11D3-BF4B-00C04F79EFBC}") = "AminoAcids", "AminoAcids\AminoAcids.csproj", "{4373382E-827D-4E4A-8E7F-5E8FCBDA03B0}"
EndProject
Global
	GlobalSection(SolutionConfigurationPlatforms) = preSolution
		Debug|Any CPU = Debug|Any CPU
		Release|Any CPU = Release|Any CPU
	EndGlobalSection
	GlobalSection(ProjectConfigurationPlatforms) = postSolution
		{4373382E-827D-4E4A-8E7F-5E8FCBDA03B0}.Debug|Any CPU.ActiveCfg = Debug|Any CPU
		{4373382E-827D-4E4A-8E7F-5E8FCBDA03B0}.Debug|Any CPU.Build.0 = Debug|Any CPU
		{4373382E-827D-4E4A-8E7F-5E8FCBDA03B0}.Release|Any CPU.ActiveCfg = Release|Any CPU
		{4373382E-827D-4E4A-8E7F-5E8FCBDA03B0}.Release|Any CPU.Build.0 = Release|Any CPU
	EndGlobalSection
EndGlobal
